
Microsoft Visual Studio Solution File, Format Version 12.00
# Visual Studio Version 17
VisualStudioVersion = 17.14.36414.22 d17.14
MinimumVisualStudioVersion = 10.0.40219.1
Project("{FAE04EC0-301F-11D3-BF4B-00C04F79EFBC}") = "Shopping List Console", "Shopping List Console\Shopping List Console.csproj", "{54BAACFB-C64B-47ED-A228-093B4BCA4941}"
EndProject
Global
	GlobalSection(SolutionConfigurationPlatforms) = preSolution
		Debug|Any CPU = Debug|Any CPU
		Release|Any CPU = Release|Any CPU
	EndGlobalSection
	GlobalSection(ProjectConfigurationPlatforms) = postSolution
		{54BAACFB-C64B-47ED-A228-093B4BCA4941}.Debug|Any CPU.ActiveCfg = Debug|Any CPU
		{54BAACFB-C64B-47ED-A228-093B4BCA4941}.Debug|Any CPU.Build.0 = Debug|Any CPU
		{54BAACFB-C64B-47ED-A228-093B4BCA4941}.Release|Any CPU.ActiveCfg = Release|Any CPU
		{54BAACFB-C64B-47ED-A228-093B4BCA4941}.Release|Any CPU.Build.0 = Release|Any CPU
	EndGlobalSection
	GlobalSection(SolutionProperties) = preSolution
		HideSolutionNode = FALSE
	EndGlobalSection
	GlobalSection(ExtensibilityGlobals) = postSolution
		SolutionGuid = {3BA19380-AE69-403B-B8E7-BA2AFEEBF5B3}
	EndGlobalSection
EndGlobal
